{
  "name": "ppf8",
  "version": "1.0.0",
  "lockfileVersion": 3,
  "requires": true,
  "packages": {
    "": {
      "name": "ppf8",
      "version": "1.0.0",
      "license": "ISC",
      "dependencies": {
        "marked": "^16.4.1",
        "papaparse": "^5.5.3"
      }
    },
    "node_modules/marked": {
      "version": "16.4.1",
      "resolved": "https://registry.npmjs.org/marked/-/marked-16.4.1.tgz",
      "integrity": "sha512-ntROs7RaN3EvWfy3EZi14H4YxmT6A5YvywfhO+0pm+cH/dnSQRmdAmoFIc3B9aiwTehyk7pESH4ofyBY+V5hZg==",
      "license": "MIT",
      "bin": {
        "marked": "bin/marked.js"
      },
      "engines": {
        "node": ">= 20"
      }
    },
    "node_modules/papaparse": {
      "version": "5.5.3",
      "resolved": "https://registry.npmjs.org/papaparse/-/papaparse-5.5.3.tgz",
      "integrity": "sha512-5QvjGxYVjxO59MGU2lHVYpRWBBtKHnlIAcSe1uNFCkkptUh63NFRj0FJQm7nR67puEruUci/ZkjmEFrjCAyP4A==",
      "license": "MIT"
    }
  }
}
